# This file is autogenerated, do not edit; changes may be undone by the next 'dep ensure'.


[[projects]]
  name = "github.com/joho/godotenv"
  packages = ["."]
  revision = "a79fa1e548e2c689c241d10173efd51e5d689d5b"
  version = "v1.2.0"

[solve-meta]
  analyzer-name = "dep"
  analyzer-version = 1
  inputs-digest = "67bc2824bab59ac29fff55f1ff607b1555262763cff04ecc48a3a18c3b458d7d"
  solver-name = "gps-cdcl"
  solver-version = 1
